
Microsoft Visual Studio Solution File, Format Version 12.00
# Visual Studio Version 17
VisualStudioVersion = 17.3.32929.385
MinimumVisualStudioVersion = 10.0.40219.1
Project("{FAE04EC0-301F-11D3-BF4B-00C04F79EFBC}") = "Statik Metod Geriye Deger Dondurmeyen", "Statik Metod Geriye Deger Dondurmeyen.csproj", "{655DABDC-2A30-4358-915B-1D8425C639CE}"
EndProject
Global
	GlobalSection(SolutionConfigurationPlatforms) = preSolution
		Debug|Any CPU = Debug|Any CPU
		Release|Any CPU = Release|Any CPU
	EndGlobalSection
	GlobalSection(ProjectConfigurationPlatforms) = postSolution
		{655DABDC-2A30-4358-915B-1D8425C639CE}.Debug|Any CPU.ActiveCfg = Debug|Any CPU
		{655DABDC-2A30-4358-915B-1D8425C639CE}.Debug|Any CPU.Build.0 = Debug|Any CPU
		{655DABDC-2A30-4358-915B-1D8425C639CE}.Release|Any CPU.ActiveCfg = Release|Any CPU
		{655DABDC-2A30-4358-915B-1D8425C639CE}.Release|Any CPU.Build.0 = Release|Any CPU
	EndGlobalSection
	GlobalSection(SolutionProperties) = preSolution
		HideSolutionNode = FALSE
	EndGlobalSection
	GlobalSection(ExtensibilityGlobals) = postSolution
		SolutionGuid = {FEAADA61-6FEA-48F6-8079-987D758B7C34}
	EndGlobalSection
EndGlobal
